
Microsoft Visual Studio Solution File, Format Version 12.00
# Visual Studio Version 16
VisualStudioVersion = 16.0.29306.81
MinimumVisualStudioVersion = 10.0.40219.1
Project("{FAE04EC0-301F-11D3-BF4B-00C04F79EFBC}") = "RemoveArrayDuplicates", "RemoveArrayDuplicates\RemoveArrayDuplicates.csproj", "{DD3DDDAC-E301-4B35-9474-1C65884EC173}"
EndProject
Global
	GlobalSection(SolutionConfigurationPlatforms) = preSolution
		Debug|Any CPU = Debug|Any CPU
		Release|Any CPU = Release|Any CPU
	EndGlobalSection
	GlobalSection(ProjectConfigurationPlatforms) = postSolution
		{DD3DDDAC-E301-4B35-9474-1C65884EC173}.Debug|Any CPU.ActiveCfg = Debug|Any CPU
		{DD3DDDAC-E301-4B35-9474-1C65884EC173}.Debug|Any CPU.Build.0 = Debug|Any CPU
		{DD3DDDAC-E301-4B35-9474-1C65884EC173}.Release|Any CPU.ActiveCfg = Release|Any CPU
		{DD3DDDAC-E301-4B35-9474-1C65884EC173}.Release|Any CPU.Build.0 = Release|Any CPU
	EndGlobalSection
	GlobalSection(SolutionProperties) = preSolution
		HideSolutionNode = FALSE
	EndGlobalSection
	GlobalSection(ExtensibilityGlobals) = postSolution
		SolutionGuid = {309F2FDE-5C16-4E11-BEC0-5A38CB18FE92}
	EndGlobalSection
EndGlobal
